// !$*UTF8*$!
{
	archiveVersion = 1;
	classes = {
	};
	objectVersion = 51;
	objects = {

/* Begin PBXBuildFile section */
		013ABEBD0E5D9F57344A4FD6 /* MotionAnimator.xcframework in Frameworks */ = {isa = PBXBuildFile; fileRef = 933BBB89C325136007E2BA3C /* MotionAnimator.xcframework */; };
		02654D1047B2685AB8A01888 /* XCTestManifests.swift in Sources */ = {isa = PBXBuildFile; fileRef = A0873ED0F8A757B646986751 /* XCTestManifests.swift */; };
		052CAA1F51AD3F981A7D773C /* DefaultValueAccessor.swift in Sources */ = {isa = PBXBuildFile; fileRef = A4DB66E28E30D93EBA68AABD /* DefaultValueAccessor.swift */; };
		07A982F21B00867F25FC730E /* ViewController.swift in Sources */ = {isa = PBXBuildFile; fileRef = 9D006900E81F2695503DF293 /* ViewController.swift */; };
		1B42E52046DD6A076393707B /* MDFInternationalization.xcframework in Frameworks */ = {isa = PBXBuildFile; fileRef = 7585068BAA590F1D65ED891E /* MDFInternationalization.xcframework */; };
		1D7EDAB1814EF0641A815567 /* Common.swift in Sources */ = {isa = PBXBuildFile; fileRef = AD0CA3D749508E4FE95E2238 /* Common.swift */; };
		1F1E6F396005BC44EAB778F8 /* SnapKit.xcframework in Embed Frameworks */ = {isa = PBXBuildFile; fileRef = BBA0C3665AB54BB630CE4631 /* SnapKit.xcframework */; settings = {ATTRIBUTES = (CodeSignOnCopy, RemoveHeadersOnCopy, ); }; };
		1F788763AD4B63EDD751EE33 /* SwitchValueAccessor.swift in Sources */ = {isa = PBXBuildFile; fileRef = 652F874C69A761E6FA64E236 /* SwitchValueAccessor.swift */; };
		23B3BB8567B3F310E42777F0 /* SwiftyPrototype.xcframework in Frameworks */ = {isa = PBXBuildFile; fileRef = 10DBD79103A474D6BED656B8 /* SwiftyPrototype.xcframework */; };
		338973CB44A348D445F38148 /* RxTest.xcframework in Frameworks */ = {isa = PBXBuildFile; fileRef = 777F195F52E8B719CD138FEA /* RxTest.xcframework */; };
		35F4485E3FAE7EE85E9F232E /* MotionInterchange.xcframework in Frameworks */ = {isa = PBXBuildFile; fileRef = 4E4116F9CA9DA212DC84087F /* MotionInterchange.xcframework */; };
		3796511FE75AFF1FA472ECEF /* MaterialComponents.xcframework in Frameworks */ = {isa = PBXBuildFile; fileRef = F205BE94FF488F16E095A392 /* MaterialComponents.xcframework */; };
		39283FC68991C5EC0FAD2659 /* RxSwift.xcframework in Embed Frameworks */ = {isa = PBXBuildFile; fileRef = 231B5E37072563F43113958B /* RxSwift.xcframework */; settings = {ATTRIBUTES = (CodeSignOnCopy, RemoveHeadersOnCopy, ); }; };
		4A2702608DABA02B895FF19C /* MotionInterchange.xcframework in Frameworks */ = {isa = PBXBuildFile; fileRef = 4E4116F9CA9DA212DC84087F /* MotionInterchange.xcframework */; };
		4C040CCA47A31F51D0D3413C /* RxRelay.xcframework in Frameworks */ = {isa = PBXBuildFile; fileRef = 92F77941B72C7DEA95414963 /* RxRelay.xcframework */; };
		4EE194201F6F802B058D795D /* TextFieldConstraints.swift in Sources */ = {isa = PBXBuildFile; fileRef = B78F9F271FCF67C223B90E87 /* TextFieldConstraints.swift */; };
		6093735A8AF2BF0D92A7244B /* MotionAnimator.xcframework in Embed Frameworks */ = {isa = PBXBuildFile; fileRef = 933BBB89C325136007E2BA3C /* MotionAnimator.xcframework */; settings = {ATTRIBUTES = (CodeSignOnCopy, RemoveHeadersOnCopy, ); }; };
		613C6FA6808E86E2F737B129 /* MDFTextAccessibility.xcframework in Frameworks */ = {isa = PBXBuildFile; fileRef = 31E1DF50E64692AD0212B23B /* MDFTextAccessibility.xcframework */; };
		61DD53D07E8A45CD6A80E2D4 /* MaterialComponents.xcframework in Embed Frameworks */ = {isa = PBXBuildFile; fileRef = F205BE94FF488F16E095A392 /* MaterialComponents.xcframework */; settings = {ATTRIBUTES = (CodeSignOnCopy, RemoveHeadersOnCopy, ); }; };
		61E64CEFCDE0A6CE18C24CF1 /* RxForms.framework in Embed Frameworks */ = {isa = PBXBuildFile; fileRef = B1AA82FD19A1DE5E6100AB2B /* RxForms.framework */; settings = {ATTRIBUTES = (CodeSignOnCopy, RemoveHeadersOnCopy, ); }; };
		635E0C324E9401B844B62053 /* AbstractControlDirectiveProtocol.swift in Sources */ = {isa = PBXBuildFile; fileRef = 83A9406F06AE6F73C6B39FBD /* AbstractControlDirectiveProtocol.swift */; };
		6969E14A4A3DCE2093D817EC /* RxCocoa.xcframework in Frameworks */ = {isa = PBXBuildFile; fileRef = 32A75EF38663750339E92E4D /* RxCocoa.xcframework */; };
		698F06F4667E72E33ADF66C7 /* FormControlDirective.swift in Sources */ = {isa = PBXBuildFile; fileRef = C9C36836E6FC8FF4FC2B6745 /* FormControlDirective.swift */; };
		7101FD245991500E296F34BF /* RxBlocking.xcframework in Frameworks */ = {isa = PBXBuildFile; fileRef = ED96729E8DE336D1722A02C0 /* RxBlocking.xcframework */; };
		74622F27091AF50A79BE29A6 /* MotionInterchange.xcframework in Embed Frameworks */ = {isa = PBXBuildFile; fileRef = 4E4116F9CA9DA212DC84087F /* MotionInterchange.xcframework */; settings = {ATTRIBUTES = (CodeSignOnCopy, RemoveHeadersOnCopy, ); }; };
		81958B12A512873C98C3DB29 /* MDFInternationalization.xcframework in Embed Frameworks */ = {isa = PBXBuildFile; fileRef = 7585068BAA590F1D65ED891E /* MDFInternationalization.xcframework */; settings = {ATTRIBUTES = (CodeSignOnCopy, RemoveHeadersOnCopy, ); }; };
		86231B9C8D6C0B8B60E635A0 /* ControlValueAccessor.swift in Sources */ = {isa = PBXBuildFile; fileRef = 566F01D4794C2608A05FE1E6 /* ControlValueAccessor.swift */; };
		889FCFA7589DE41B5B6AB0ED /* MDFInternationalization.xcframework in Frameworks */ = {isa = PBXBuildFile; fileRef = 7585068BAA590F1D65ED891E /* MDFInternationalization.xcframework */; };
		8A4B384BA0D247503553212A /* MaterialComponents.xcframework in Frameworks */ = {isa = PBXBuildFile; fileRef = F205BE94FF488F16E095A392 /* MaterialComponents.xcframework */; };
		8B1645AD04256596D775B6C6 /* FormGroupTests.swift in Sources */ = {isa = PBXBuildFile; fileRef = 3CAEA53356BADCF0374FC261 /* FormGroupTests.swift */; };
		8BF3463F25C25A77F21E724E /* Nimble.xcframework in Frameworks */ = {isa = PBXBuildFile; fileRef = 89285D560050711C6758FA15 /* Nimble.xcframework */; };
		8E5DE814368448441D43F405 /* RxForms.swift in Sources */ = {isa = PBXBuildFile; fileRef = F208818D364AEFD77871FC9C /* RxForms.swift */; };
		8EE871368EA3F3D7AF9963BB /* MotionAnimator.xcframework in Frameworks */ = {isa = PBXBuildFile; fileRef = 933BBB89C325136007E2BA3C /* MotionAnimator.xcframework */; };
		959FCD2AC5BDE2C972FAE375 /* RxSwift.xcframework in Frameworks */ = {isa = PBXBuildFile; fileRef = 231B5E37072563F43113958B /* RxSwift.xcframework */; };
		96D93481E55B8914CCA93288 /* ViewControllerView.swift in Sources */ = {isa = PBXBuildFile; fileRef = CEABF0A6981B43865945E95F /* ViewControllerView.swift */; };
		9ADD7B1D58A247076BBCA374 /* Headers in Headers */ = {isa = PBXBuildFile; fileRef = CF1F48847BF471F26C2B8695 /* Headers */; settings = {ATTRIBUTES = (Public, ); }; };
		A2CC71E72E9ECCE9ADE1E345 /* RxRelay.xcframework in Frameworks */ = {isa = PBXBuildFile; fileRef = 92F77941B72C7DEA95414963 /* RxRelay.xcframework */; };
		A8227B820BFE99D87F7EADE8 /* RxForms.framework in Frameworks */ = {isa = PBXBuildFile; fileRef = B1AA82FD19A1DE5E6100AB2B /* RxForms.framework */; };
		A82AB0131E24CEABBD21B334 /* RxRelay.xcframework in Embed Frameworks */ = {isa = PBXBuildFile; fileRef = 92F77941B72C7DEA95414963 /* RxRelay.xcframework */; settings = {ATTRIBUTES = (CodeSignOnCopy, RemoveHeadersOnCopy, ); }; };
		AB18BA5207AB3693D097A119 /* RxBlocking.xcframework in Embed Frameworks */ = {isa = PBXBuildFile; fileRef = ED96729E8DE336D1722A02C0 /* RxBlocking.xcframework */; settings = {ATTRIBUTES = (CodeSignOnCopy, RemoveHeadersOnCopy, ); }; };
		ACEF1C7CD52D28884F444393 /* SnapKit.xcframework in Frameworks */ = {isa = PBXBuildFile; fileRef = BBA0C3665AB54BB630CE4631 /* SnapKit.xcframework */; };
		ADB8C570304CE0AF0F2562E2 /* MDFTextAccessibility.xcframework in Frameworks */ = {isa = PBXBuildFile; fileRef = 31E1DF50E64692AD0212B23B /* MDFTextAccessibility.xcframework */; };
		B39F2887C9A870CF63A728B5 /* RxCocoa.xcframework in Frameworks */ = {isa = PBXBuildFile; fileRef = 32A75EF38663750339E92E4D /* RxCocoa.xcframework */; };
		C3E5EC8B3DFF1753B8CF0421 /* RxCocoa.xcframework in Embed Frameworks */ = {isa = PBXBuildFile; fileRef = 32A75EF38663750339E92E4D /* RxCocoa.xcframework */; settings = {ATTRIBUTES = (CodeSignOnCopy, RemoveHeadersOnCopy, ); }; };
		C4B3EAD822773666609E9D10 /* Validators.swift in Sources */ = {isa = PBXBuildFile; fileRef = C88288386F4EC01C3E460C06 /* Validators.swift */; };
		C912ABF079275D5CFC8BDBD4 /* AbstractControlDirective.swift in Sources */ = {isa = PBXBuildFile; fileRef = 74B4F647F44C645CB3015011 /* AbstractControlDirective.swift */; };
		C961A7F5E5020CA586C98C8B /* Quick.xcframework in Frameworks */ = {isa = PBXBuildFile; fileRef = 647EFBD430A73D3922CBDD54 /* Quick.xcframework */; };
		D0F0199A34F8505A86122FAE /* FormProtocol.swift in Sources */ = {isa = PBXBuildFile; fileRef = BA322135521038323D046CEC /* FormProtocol.swift */; };
		D2061206AD46CB619EC21422 /* RxSwift.xcframework in Frameworks */ = {isa = PBXBuildFile; fileRef = 231B5E37072563F43113958B /* RxSwift.xcframework */; };
		D38FE0D9E98536EF9B848968 /* RxFormsTests.swift in Sources */ = {isa = PBXBuildFile; fileRef = 4FFA84ACA88B83CD6E3870CF /* RxFormsTests.swift */; };
		DBDD3FEB7F8011FEC20D0138 /* RxSwift.xcframework in Embed Frameworks */ = {isa = PBXBuildFile; fileRef = 231B5E37072563F43113958B /* RxSwift.xcframework */; settings = {ATTRIBUTES = (CodeSignOnCopy, RemoveHeadersOnCopy, ); }; };
		DE6D77FDB250FE34DB6B6E77 /* AppDelegate.swift in Sources */ = {isa = PBXBuildFile; fileRef = B2B7C64918848CBD6A9DBD74 /* AppDelegate.swift */; };
		E065B3566BF11047A318F420 /* TestVC.swift in Sources */ = {isa = PBXBuildFile; fileRef = 8131E14BA30A79BF76FDF19C /* TestVC.swift */; };
		E3BBB915EF7B57B56010C2B0 /* RxSwift.xcframework in Frameworks */ = {isa = PBXBuildFile; fileRef = 231B5E37072563F43113958B /* RxSwift.xcframework */; };
		E899363E2ED62E83BB7E6C50 /* Nimble.xcframework in Embed Frameworks */ = {isa = PBXBuildFile; fileRef = 89285D560050711C6758FA15 /* Nimble.xcframework */; settings = {ATTRIBUTES = (CodeSignOnCopy, RemoveHeadersOnCopy, ); }; };
		ED8B7A5281458A8F86E10A38 /* SwiftyPrototype.xcframework in Embed Frameworks */ = {isa = PBXBuildFile; fileRef = 10DBD79103A474D6BED656B8 /* SwiftyPrototype.xcframework */; settings = {ATTRIBUTES = (CodeSignOnCopy, RemoveHeadersOnCopy, ); }; };
		ED8E2073EC30C5B155187373 /* FormControlTests.swift in Sources */ = {isa = PBXBuildFile; fileRef = 4E82A6B1AD55B7BF74EBF9FF /* FormControlTests.swift */; };
		EF35709CAF22ED4DE98554A8 /* Form.swift in Sources */ = {isa = PBXBuildFile; fileRef = 1D5F415D257EA41B0B2B7D3B /* Form.swift */; };
		EF89D146E0931FC8DC8E45E1 /* RxTest.xcframework in Embed Frameworks */ = {isa = PBXBuildFile; fileRef = 777F195F52E8B719CD138FEA /* RxTest.xcframework */; settings = {ATTRIBUTES = (CodeSignOnCopy, RemoveHeadersOnCopy, ); }; };
		F2183E14AA7032D51AF6F02B /* MDFTextAccessibility.xcframework in Embed Frameworks */ = {isa = PBXBuildFile; fileRef = 31E1DF50E64692AD0212B23B /* MDFTextAccessibility.xcframework */; settings = {ATTRIBUTES = (CodeSignOnCopy, RemoveHeadersOnCopy, ); }; };
		F85438C57D450AB008486047 /* Quick.xcframework in Embed Frameworks */ = {isa = PBXBuildFile; fileRef = 647EFBD430A73D3922CBDD54 /* Quick.xcframework */; settings = {ATTRIBUTES = (CodeSignOnCopy, RemoveHeadersOnCopy, ); }; };
/* End PBXBuildFile section */

/* Begin PBXContainerItemProxy section */
		CB715660E078B0FAF56C8365 /* PBXContainerItemProxy */ = {
			isa = PBXContainerItemProxy;
			containerPortal = 4B003631B17402EE70A9E02A /* Project object */;
			proxyType = 1;
			remoteGlobalIDString = B343621BB02B514DB21694B7;
			remoteInfo = RxForms;
		};
/* End PBXContainerItemProxy section */

/* Begin PBXCopyFilesBuildPhase section */
		615F1E2BC2845C66A50EF68E /* Embed Frameworks */ = {
			isa = PBXCopyFilesBuildPhase;
			buildActionMask = 2147483647;
			dstPath = "";
			dstSubfolderSpec = 10;
			files = (
				61E64CEFCDE0A6CE18C24CF1 /* RxForms.framework in Embed Frameworks */,
				39283FC68991C5EC0FAD2659 /* RxSwift.xcframework in Embed Frameworks */,
				EF89D146E0931FC8DC8E45E1 /* RxTest.xcframework in Embed Frameworks */,
				AB18BA5207AB3693D097A119 /* RxBlocking.xcframework in Embed Frameworks */,
				F85438C57D450AB008486047 /* Quick.xcframework in Embed Frameworks */,
				E899363E2ED62E83BB7E6C50 /* Nimble.xcframework in Embed Frameworks */,
				ED8B7A5281458A8F86E10A38 /* SwiftyPrototype.xcframework in Embed Frameworks */,
			);
			name = "Embed Frameworks";
			runOnlyForDeploymentPostprocessing = 0;
		};
		F3D97F7286B8AED64BF8C511 /* Embed Frameworks */ = {
			isa = PBXCopyFilesBuildPhase;
			buildActionMask = 2147483647;
			dstPath = "";
			dstSubfolderSpec = 10;
			files = (
				DBDD3FEB7F8011FEC20D0138 /* RxSwift.xcframework in Embed Frameworks */,
				C3E5EC8B3DFF1753B8CF0421 /* RxCocoa.xcframework in Embed Frameworks */,
				A82AB0131E24CEABBD21B334 /* RxRelay.xcframework in Embed Frameworks */,
				81958B12A512873C98C3DB29 /* MDFInternationalization.xcframework in Embed Frameworks */,
				F2183E14AA7032D51AF6F02B /* MDFTextAccessibility.xcframework in Embed Frameworks */,
				61DD53D07E8A45CD6A80E2D4 /* MaterialComponents.xcframework in Embed Frameworks */,
				6093735A8AF2BF0D92A7244B /* MotionAnimator.xcframework in Embed Frameworks */,
				74622F27091AF50A79BE29A6 /* MotionInterchange.xcframework in Embed Frameworks */,
				1F1E6F396005BC44EAB778F8 /* SnapKit.xcframework in Embed Frameworks */,
			);
			name = "Embed Frameworks";
			runOnlyForDeploymentPostprocessing = 0;
		};
/* End PBXCopyFilesBuildPhase section */

/* Begin PBXFileReference section */
		10DBD79103A474D6BED656B8 /* SwiftyPrototype.xcframework */ = {isa = PBXFileReference; lastKnownFileType = wrapper.xcframework; name = SwiftyPrototype.xcframework; path = Carthage/Build/SwiftyPrototype.xcframework; sourceTree = "<group>"; };
		1D5F415D257EA41B0B2B7D3B /* Form.swift */ = {isa = PBXFileReference; lastKnownFileType = sourcecode.swift; path = Form.swift; sourceTree = "<group>"; };
		231B5E37072563F43113958B /* RxSwift.xcframework */ = {isa = PBXFileReference; lastKnownFileType = wrapper.xcframework; name = RxSwift.xcframework; path = Carthage/Build/RxSwift.xcframework; sourceTree = "<group>"; };
		2AD84F5CDB3B55F4455B2A02 /* RxFormsExample.app */ = {isa = PBXFileReference; includeInIndex = 0; lastKnownFileType = wrapper.application; path = RxFormsExample.app; sourceTree = BUILT_PRODUCTS_DIR; };
		31E1DF50E64692AD0212B23B /* MDFTextAccessibility.xcframework */ = {isa = PBXFileReference; lastKnownFileType = wrapper.xcframework; name = MDFTextAccessibility.xcframework; path = TempCarthage/MDFTextAccessibility.xcframework; sourceTree = "<group>"; };
		32A75EF38663750339E92E4D /* RxCocoa.xcframework */ = {isa = PBXFileReference; lastKnownFileType = wrapper.xcframework; name = RxCocoa.xcframework; path = Carthage/Build/RxCocoa.xcframework; sourceTree = "<group>"; };
		3CAEA53356BADCF0374FC261 /* FormGroupTests.swift */ = {isa = PBXFileReference; lastKnownFileType = sourcecode.swift; path = FormGroupTests.swift; sourceTree = "<group>"; };
		4E4116F9CA9DA212DC84087F /* MotionInterchange.xcframework */ = {isa = PBXFileReference; lastKnownFileType = wrapper.xcframework; name = MotionInterchange.xcframework; path = TempCarthage/MotionInterchange.xcframework; sourceTree = "<group>"; };
		4E82A6B1AD55B7BF74EBF9FF /* FormControlTests.swift */ = {isa = PBXFileReference; lastKnownFileType = sourcecode.swift; path = FormControlTests.swift; sourceTree = "<group>"; };
		4FFA84ACA88B83CD6E3870CF /* RxFormsTests.swift */ = {isa = PBXFileReference; lastKnownFileType = sourcecode.swift; path = RxFormsTests.swift; sourceTree = "<group>"; };
		566F01D4794C2608A05FE1E6 /* ControlValueAccessor.swift */ = {isa = PBXFileReference; lastKnownFileType = sourcecode.swift; path = ControlValueAccessor.swift; sourceTree = "<group>"; };
		6475E96650ED6B602F7C2D44 /* Info.plist */ = {isa = PBXFileReference; lastKnownFileType = text.plist; path = Info.plist; sourceTree = "<group>"; };
		647EFBD430A73D3922CBDD54 /* Quick.xcframework */ = {isa = PBXFileReference; lastKnownFileType = wrapper.xcframework; name = Quick.xcframework; path = Carthage/Build/Quick.xcframework; sourceTree = "<group>"; };
		652F874C69A761E6FA64E236 /* SwitchValueAccessor.swift */ = {isa = PBXFileReference; lastKnownFileType = sourcecode.swift; path = SwitchValueAccessor.swift; sourceTree = "<group>"; };
		6EAB5186F15C6BD17A60E50D /* RxFormsTests.xctest */ = {isa = PBXFileReference; includeInIndex = 0; lastKnownFileType = wrapper.cfbundle; path = RxFormsTests.xctest; sourceTree = BUILT_PRODUCTS_DIR; };
		735A94D6E647206054F7F733 /* Info.plist */ = {isa = PBXFileReference; lastKnownFileType = text.plist; path = Info.plist; sourceTree = "<group>"; };
		74B4F647F44C645CB3015011 /* AbstractControlDirective.swift */ = {isa = PBXFileReference; lastKnownFileType = sourcecode.swift; path = AbstractControlDirective.swift; sourceTree = "<group>"; };
		7585068BAA590F1D65ED891E /* MDFInternationalization.xcframework */ = {isa = PBXFileReference; lastKnownFileType = wrapper.xcframework; name = MDFInternationalization.xcframework; path = TempCarthage/MDFInternationalization.xcframework; sourceTree = "<group>"; };
		777F195F52E8B719CD138FEA /* RxTest.xcframework */ = {isa = PBXFileReference; lastKnownFileType = wrapper.xcframework; name = RxTest.xcframework; path = Carthage/Build/RxTest.xcframework; sourceTree = "<group>"; };
		8131E14BA30A79BF76FDF19C /* TestVC.swift */ = {isa = PBXFileReference; lastKnownFileType = sourcecode.swift; path = TestVC.swift; sourceTree = "<group>"; };
		83A9406F06AE6F73C6B39FBD /* AbstractControlDirectiveProtocol.swift */ = {isa = PBXFileReference; lastKnownFileType = sourcecode.swift; path = AbstractControlDirectiveProtocol.swift; sourceTree = "<group>"; };
		89285D560050711C6758FA15 /* Nimble.xcframework */ = {isa = PBXFileReference; lastKnownFileType = wrapper.xcframework; name = Nimble.xcframework; path = Carthage/Build/Nimble.xcframework; sourceTree = "<group>"; };
		92F77941B72C7DEA95414963 /* RxRelay.xcframework */ = {isa = PBXFileReference; lastKnownFileType = wrapper.xcframework; name = RxRelay.xcframework; path = Carthage/Build/RxRelay.xcframework; sourceTree = "<group>"; };
		933BBB89C325136007E2BA3C /* MotionAnimator.xcframework */ = {isa = PBXFileReference; lastKnownFileType = wrapper.xcframework; name = MotionAnimator.xcframework; path = TempCarthage/MotionAnimator.xcframework; sourceTree = "<group>"; };
		9D006900E81F2695503DF293 /* ViewController.swift */ = {isa = PBXFileReference; lastKnownFileType = sourcecode.swift; path = ViewController.swift; sourceTree = "<group>"; };
		A0873ED0F8A757B646986751 /* XCTestManifests.swift */ = {isa = PBXFileReference; lastKnownFileType = sourcecode.swift; path = XCTestManifests.swift; sourceTree = "<group>"; };
		A4DB66E28E30D93EBA68AABD /* DefaultValueAccessor.swift */ = {isa = PBXFileReference; lastKnownFileType = sourcecode.swift; path = DefaultValueAccessor.swift; sourceTree = "<group>"; };
		AD0CA3D749508E4FE95E2238 /* Common.swift */ = {isa = PBXFileReference; lastKnownFileType = sourcecode.swift; path = Common.swift; sourceTree = "<group>"; };
		B1AA82FD19A1DE5E6100AB2B /* RxForms.framework */ = {isa = PBXFileReference; explicitFileType = wrapper.framework; includeInIndex = 0; path = RxForms.framework; sourceTree = BUILT_PRODUCTS_DIR; };
		B2B7C64918848CBD6A9DBD74 /* AppDelegate.swift */ = {isa = PBXFileReference; lastKnownFileType = sourcecode.swift; path = AppDelegate.swift; sourceTree = "<group>"; };
		B67834D613DFF241BF173449 /* Info.plist */ = {isa = PBXFileReference; lastKnownFileType = text.plist; path = Info.plist; sourceTree = "<group>"; };
		B78F9F271FCF67C223B90E87 /* TextFieldConstraints.swift */ = {isa = PBXFileReference; lastKnownFileType = sourcecode.swift; path = TextFieldConstraints.swift; sourceTree = "<group>"; };
		BA322135521038323D046CEC /* FormProtocol.swift */ = {isa = PBXFileReference; lastKnownFileType = sourcecode.swift; path = FormProtocol.swift; sourceTree = "<group>"; };
		BBA0C3665AB54BB630CE4631 /* SnapKit.xcframework */ = {isa = PBXFileReference; lastKnownFileType = wrapper.xcframework; name = SnapKit.xcframework; path = Carthage/Build/SnapKit.xcframework; sourceTree = "<group>"; };
		C88288386F4EC01C3E460C06 /* Validators.swift */ = {isa = PBXFileReference; lastKnownFileType = sourcecode.swift; path = Validators.swift; sourceTree = "<group>"; };
		C9C36836E6FC8FF4FC2B6745 /* FormControlDirective.swift */ = {isa = PBXFileReference; lastKnownFileType = sourcecode.swift; path = FormControlDirective.swift; sourceTree = "<group>"; };
		CEABF0A6981B43865945E95F /* ViewControllerView.swift */ = {isa = PBXFileReference; lastKnownFileType = sourcecode.swift; path = ViewControllerView.swift; sourceTree = "<group>"; };
		CF1F48847BF471F26C2B8695 /* Headers */ = {isa = PBXFileReference; lastKnownFileType = folder; path = Headers; sourceTree = SOURCE_ROOT; };
		ED96729E8DE336D1722A02C0 /* RxBlocking.xcframework */ = {isa = PBXFileReference; lastKnownFileType = wrapper.xcframework; name = RxBlocking.xcframework; path = Carthage/Build/RxBlocking.xcframework; sourceTree = "<group>"; };
		F205BE94FF488F16E095A392 /* MaterialComponents.xcframework */ = {isa = PBXFileReference; lastKnownFileType = wrapper.xcframework; name = MaterialComponents.xcframework; path = TempCarthage/MaterialComponents.xcframework; sourceTree = "<group>"; };
		F208818D364AEFD77871FC9C /* RxForms.swift */ = {isa = PBXFileReference; lastKnownFileType = sourcecode.swift; path = RxForms.swift; sourceTree = "<group>"; };
		F24F47FD064630AF30BC98AE /* RxFormsExamples.entitlements */ = {isa = PBXFileReference; lastKnownFileType = text.plist.entitlements; path = RxFormsExamples.entitlements; sourceTree = "<group>"; };
/* End PBXFileReference section */

/* Begin PBXFrameworksBuildPhase section */
		4A6F5053592135404DC5342E /* Frameworks */ = {
			isa = PBXFrameworksBuildPhase;
			buildActionMask = 2147483647;
			files = (
				E3BBB915EF7B57B56010C2B0 /* RxSwift.xcframework in Frameworks */,
				B39F2887C9A870CF63A728B5 /* RxCocoa.xcframework in Frameworks */,
				4C040CCA47A31F51D0D3413C /* RxRelay.xcframework in Frameworks */,
				1B42E52046DD6A076393707B /* MDFInternationalization.xcframework in Frameworks */,
				613C6FA6808E86E2F737B129 /* MDFTextAccessibility.xcframework in Frameworks */,
				3796511FE75AFF1FA472ECEF /* MaterialComponents.xcframework in Frameworks */,
				013ABEBD0E5D9F57344A4FD6 /* MotionAnimator.xcframework in Frameworks */,
				4A2702608DABA02B895FF19C /* MotionInterchange.xcframework in Frameworks */,
				ACEF1C7CD52D28884F444393 /* SnapKit.xcframework in Frameworks */,
			);
			runOnlyForDeploymentPostprocessing = 0;
		};
		8F65FFC52FD979203F6715EA /* Frameworks */ = {
			isa = PBXFrameworksBuildPhase;
			buildActionMask = 2147483647;
			files = (
				A8227B820BFE99D87F7EADE8 /* RxForms.framework in Frameworks */,
				D2061206AD46CB619EC21422 /* RxSwift.xcframework in Frameworks */,
				338973CB44A348D445F38148 /* RxTest.xcframework in Frameworks */,
				7101FD245991500E296F34BF /* RxBlocking.xcframework in Frameworks */,
				C961A7F5E5020CA586C98C8B /* Quick.xcframework in Frameworks */,
				8BF3463F25C25A77F21E724E /* Nimble.xcframework in Frameworks */,
				23B3BB8567B3F310E42777F0 /* SwiftyPrototype.xcframework in Frameworks */,
			);
			runOnlyForDeploymentPostprocessing = 0;
		};
		C7AD0F9B57ECA958D2127E19 /* Frameworks */ = {
			isa = PBXFrameworksBuildPhase;
			buildActionMask = 2147483647;
			files = (
				959FCD2AC5BDE2C972FAE375 /* RxSwift.xcframework in Frameworks */,
				6969E14A4A3DCE2093D817EC /* RxCocoa.xcframework in Frameworks */,
				A2CC71E72E9ECCE9ADE1E345 /* RxRelay.xcframework in Frameworks */,
				889FCFA7589DE41B5B6AB0ED /* MDFInternationalization.xcframework in Frameworks */,
				ADB8C570304CE0AF0F2562E2 /* MDFTextAccessibility.xcframework in Frameworks */,
				8A4B384BA0D247503553212A /* MaterialComponents.xcframework in Frameworks */,
				8EE871368EA3F3D7AF9963BB /* MotionAnimator.xcframework in Frameworks */,
				35F4485E3FAE7EE85E9F232E /* MotionInterchange.xcframework in Frameworks */,
			);
			runOnlyForDeploymentPostprocessing = 0;
		};
/* End PBXFrameworksBuildPhase section */

/* Begin PBXGroup section */
		02D378D3E5E59F54FB2CD586 /* RxForms */ = {
			isa = PBXGroup;
			children = (
				74B4F647F44C645CB3015011 /* AbstractControlDirective.swift */,
				83A9406F06AE6F73C6B39FBD /* AbstractControlDirectiveProtocol.swift */,
				AD0CA3D749508E4FE95E2238 /* Common.swift */,
				566F01D4794C2608A05FE1E6 /* ControlValueAccessor.swift */,
				A4DB66E28E30D93EBA68AABD /* DefaultValueAccessor.swift */,
				1D5F415D257EA41B0B2B7D3B /* Form.swift */,
				C9C36836E6FC8FF4FC2B6745 /* FormControlDirective.swift */,
				BA322135521038323D046CEC /* FormProtocol.swift */,
				F208818D364AEFD77871FC9C /* RxForms.swift */,
				652F874C69A761E6FA64E236 /* SwitchValueAccessor.swift */,
				8131E14BA30A79BF76FDF19C /* TestVC.swift */,
				B78F9F271FCF67C223B90E87 /* TextFieldConstraints.swift */,
				C88288386F4EC01C3E460C06 /* Validators.swift */,
			);
			path = RxForms;
			sourceTree = "<group>";
		};
		0AD7D29DDF033B6639B77B93 /* Sources */ = {
			isa = PBXGroup;
			children = (
				02D378D3E5E59F54FB2CD586 /* RxForms */,
			);
			path = Sources;
			sourceTree = "<group>";
		};
		2F0DED915026FBACF027C16C /* Tests */ = {
			isa = PBXGroup;
			children = (
				735A94D6E647206054F7F733 /* Info.plist */,
				4C6E8E36DD50D030F4C862B7 /* RxFormsTests */,
			);
			path = Tests;
			sourceTree = "<group>";
		};
		4C6E8E36DD50D030F4C862B7 /* RxFormsTests */ = {
			isa = PBXGroup;
			children = (
				4E82A6B1AD55B7BF74EBF9FF /* FormControlTests.swift */,
				3CAEA53356BADCF0374FC261 /* FormGroupTests.swift */,
				4FFA84ACA88B83CD6E3870CF /* RxFormsTests.swift */,
				A0873ED0F8A757B646986751 /* XCTestManifests.swift */,
			);
			path = RxFormsTests;
			sourceTree = "<group>";
		};
		70719C4E2BF751C18B71A66D = {
			isa = PBXGroup;
			children = (
				CF1F48847BF471F26C2B8695 /* Headers */,
				8F31DB126946BA44B43AA626 /* RxFormsExample */,
				0AD7D29DDF033B6639B77B93 /* Sources */,
				A374857924AE91D00B23F33C /* Supporting Files */,
				2F0DED915026FBACF027C16C /* Tests */,
				E2B7CFEF3291F969E0401528 /* Frameworks */,
				BA708F493018A63CDB2B0091 /* Products */,
			);
			indentWidth = 2;
			sourceTree = "<group>";
			tabWidth = 2;
			usesTabs = 0;
		};
		8F31DB126946BA44B43AA626 /* RxFormsExample */ = {
			isa = PBXGroup;
			children = (
				B2B7C64918848CBD6A9DBD74 /* AppDelegate.swift */,
				6475E96650ED6B602F7C2D44 /* Info.plist */,
				F24F47FD064630AF30BC98AE /* RxFormsExamples.entitlements */,
				9D006900E81F2695503DF293 /* ViewController.swift */,
				CEABF0A6981B43865945E95F /* ViewControllerView.swift */,
			);
			path = RxFormsExample;
			sourceTree = "<group>";
		};
		A374857924AE91D00B23F33C /* Supporting Files */ = {
			isa = PBXGroup;
			children = (
				B67834D613DFF241BF173449 /* Info.plist */,
			);
			path = "Supporting Files";
			sourceTree = "<group>";
		};
		BA708F493018A63CDB2B0091 /* Products */ = {
			isa = PBXGroup;
			children = (
				B1AA82FD19A1DE5E6100AB2B /* RxForms.framework */,
				2AD84F5CDB3B55F4455B2A02 /* RxFormsExample.app */,
				6EAB5186F15C6BD17A60E50D /* RxFormsTests.xctest */,
			);
			name = Products;
			sourceTree = "<group>";
		};
		E2B7CFEF3291F969E0401528 /* Frameworks */ = {
			isa = PBXGroup;
			children = (
				F205BE94FF488F16E095A392 /* MaterialComponents.xcframework */,
				7585068BAA590F1D65ED891E /* MDFInternationalization.xcframework */,
				31E1DF50E64692AD0212B23B /* MDFTextAccessibility.xcframework */,
				933BBB89C325136007E2BA3C /* MotionAnimator.xcframework */,
				4E4116F9CA9DA212DC84087F /* MotionInterchange.xcframework */,
				89285D560050711C6758FA15 /* Nimble.xcframework */,
				647EFBD430A73D3922CBDD54 /* Quick.xcframework */,
				ED96729E8DE336D1722A02C0 /* RxBlocking.xcframework */,
				32A75EF38663750339E92E4D /* RxCocoa.xcframework */,
				92F77941B72C7DEA95414963 /* RxRelay.xcframework */,
				231B5E37072563F43113958B /* RxSwift.xcframework */,
				777F195F52E8B719CD138FEA /* RxTest.xcframework */,
				BBA0C3665AB54BB630CE4631 /* SnapKit.xcframework */,
				10DBD79103A474D6BED656B8 /* SwiftyPrototype.xcframework */,
			);
			name = Frameworks;
			sourceTree = "<group>";
		};
/* End PBXGroup section */

/* Begin PBXHeadersBuildPhase section */
		B9654A4604127DC4C929ABB1 /* Headers */ = {
			isa = PBXHeadersBuildPhase;
			buildActionMask = 2147483647;
			files = (
				9ADD7B1D58A247076BBCA374 /* Headers in Headers */,
			);
			runOnlyForDeploymentPostprocessing = 0;
		};
/* End PBXHeadersBuildPhase section */

/* Begin PBXNativeTarget section */
		639A479E79E432C0D3924591 /* RxFormsExample */ = {
			isa = PBXNativeTarget;
			buildConfigurationList = E756C4F0E52846EF1AB8A219 /* Build configuration list for PBXNativeTarget "RxFormsExample" */;
			buildPhases = (
				8E7A3195ED03CE099A615880 /* Sources */,
				4A6F5053592135404DC5342E /* Frameworks */,
				F3D97F7286B8AED64BF8C511 /* Embed Frameworks */,
			);
			buildRules = (
			);
			dependencies = (
			);
			name = RxFormsExample;
			productName = RxFormsExample;
			productReference = 2AD84F5CDB3B55F4455B2A02 /* RxFormsExample.app */;
			productType = "com.apple.product-type.application";
		};
		9BABF15196E99130D2752EEC /* RxFormsTests */ = {
			isa = PBXNativeTarget;
			buildConfigurationList = 18E17BBD85977A9B5CA6E80C /* Build configuration list for PBXNativeTarget "RxFormsTests" */;
			buildPhases = (
				C21DDDFC721F5AC65A42C95C /* Sources */,
				8F65FFC52FD979203F6715EA /* Frameworks */,
				615F1E2BC2845C66A50EF68E /* Embed Frameworks */,
			);
			buildRules = (
			);
			dependencies = (
				CAD9EAD45D89BBC466292B31 /* PBXTargetDependency */,
			);
			name = RxFormsTests;
			productName = RxFormsTests;
			productReference = 6EAB5186F15C6BD17A60E50D /* RxFormsTests.xctest */;
			productType = "com.apple.product-type.bundle.unit-test";
		};
		B343621BB02B514DB21694B7 /* RxForms */ = {
			isa = PBXNativeTarget;
			buildConfigurationList = AA331127C513BB4D97ADD628 /* Build configuration list for PBXNativeTarget "RxForms" */;
			buildPhases = (
				B9654A4604127DC4C929ABB1 /* Headers */,
				0548734AA011535C6D4EEE97 /* Sources */,
				C7AD0F9B57ECA958D2127E19 /* Frameworks */,
			);
			buildRules = (
			);
			dependencies = (
			);
			name = RxForms;
			productName = RxForms;
			productReference = B1AA82FD19A1DE5E6100AB2B /* RxForms.framework */;
			productType = "com.apple.product-type.framework";
		};
/* End PBXNativeTarget section */

/* Begin PBXProject section */
		4B003631B17402EE70A9E02A /* Project object */ = {
			isa = PBXProject;
			attributes = {
				LastUpgradeCheck = 1020;
				TargetAttributes = {
					639A479E79E432C0D3924591 = {
						ProvisioningStyle = Manual;
					};
				};
			};
			buildConfigurationList = 57EFC355A533F2242901AD5E /* Build configuration list for PBXProject "RxForms" */;
			compatibilityVersion = "Xcode 10.0";
			developmentRegion = en;
			hasScannedForEncodings = 0;
			knownRegions = (
				en,
			);
			mainGroup = 70719C4E2BF751C18B71A66D;
			projectDirPath = "";
			projectRoot = "";
			targets = (
				B343621BB02B514DB21694B7 /* RxForms */,
				639A479E79E432C0D3924591 /* RxFormsExample */,
				9BABF15196E99130D2752EEC /* RxFormsTests */,
			);
		};
/* End PBXProject section */

/* Begin PBXSourcesBuildPhase section */
		0548734AA011535C6D4EEE97 /* Sources */ = {
			isa = PBXSourcesBuildPhase;
			buildActionMask = 2147483647;
			files = (
				C912ABF079275D5CFC8BDBD4 /* AbstractControlDirective.swift in Sources */,
				635E0C324E9401B844B62053 /* AbstractControlDirectiveProtocol.swift in Sources */,
				1D7EDAB1814EF0641A815567 /* Common.swift in Sources */,
				86231B9C8D6C0B8B60E635A0 /* ControlValueAccessor.swift in Sources */,
				052CAA1F51AD3F981A7D773C /* DefaultValueAccessor.swift in Sources */,
				EF35709CAF22ED4DE98554A8 /* Form.swift in Sources */,
				698F06F4667E72E33ADF66C7 /* FormControlDirective.swift in Sources */,
				D0F0199A34F8505A86122FAE /* FormProtocol.swift in Sources */,
				8E5DE814368448441D43F405 /* RxForms.swift in Sources */,
				1F788763AD4B63EDD751EE33 /* SwitchValueAccessor.swift in Sources */,
				E065B3566BF11047A318F420 /* TestVC.swift in Sources */,
				4EE194201F6F802B058D795D /* TextFieldConstraints.swift in Sources */,
				C4B3EAD822773666609E9D10 /* Validators.swift in Sources */,
			);
			runOnlyForDeploymentPostprocessing = 0;
		};
		8E7A3195ED03CE099A615880 /* Sources */ = {
			isa = PBXSourcesBuildPhase;
			buildActionMask = 2147483647;
			files = (
				DE6D77FDB250FE34DB6B6E77 /* AppDelegate.swift in Sources */,
				07A982F21B00867F25FC730E /* ViewController.swift in Sources */,
				96D93481E55B8914CCA93288 /* ViewControllerView.swift in Sources */,
			);
			runOnlyForDeploymentPostprocessing = 0;
		};
		C21DDDFC721F5AC65A42C95C /* Sources */ = {
			isa = PBXSourcesBuildPhase;
			buildActionMask = 2147483647;
			files = (
				ED8E2073EC30C5B155187373 /* FormControlTests.swift in Sources */,
				8B1645AD04256596D775B6C6 /* FormGroupTests.swift in Sources */,
				D38FE0D9E98536EF9B848968 /* RxFormsTests.swift in Sources */,
				02654D1047B2685AB8A01888 /* XCTestManifests.swift in Sources */,
			);
			runOnlyForDeploymentPostprocessing = 0;
		};
/* End PBXSourcesBuildPhase section */

/* Begin PBXTargetDependency section */
		CAD9EAD45D89BBC466292B31 /* PBXTargetDependency */ = {
			isa = PBXTargetDependency;
			target = B343621BB02B514DB21694B7 /* RxForms */;
			targetProxy = CB715660E078B0FAF56C8365 /* PBXContainerItemProxy */;
		};
/* End PBXTargetDependency section */

/* Begin XCBuildConfiguration section */
		4E5A2EDE2CE15FA0B4E816F7 /* Release */ = {
			isa = XCBuildConfiguration;
			buildSettings = {
				BUNDLE_LOADER = "$(TEST_HOST)";
				FRAMEWORK_SEARCH_PATHS = (
					"$(inherited)",
					"\"Carthage/Build\"",
				);
				INFOPLIST_FILE = Tests/Info.plist;
				LD_RUNPATH_SEARCH_PATHS = (
					"$(inherited)",
					"@executable_path/Frameworks",
					"@loader_path/Frameworks",
				);
				SDKROOT = iphoneos;
				TARGETED_DEVICE_FAMILY = "1,2";
			};
			name = Release;
		};
		71F729B6CD29C857D6A3E96F /* Release */ = {
			isa = XCBuildConfiguration;
			buildSettings = {
				ALWAYS_SEARCH_USER_PATHS = NO;
				CLANG_ANALYZER_NONNULL = YES;
				CLANG_ANALYZER_NUMBER_OBJECT_CONVERSION = YES_AGGRESSIVE;
				CLANG_CXX_LANGUAGE_STANDARD = "gnu++14";
				CLANG_CXX_LIBRARY = "libc++";
				CLANG_ENABLE_MODULES = YES;
				CLANG_ENABLE_OBJC_ARC = YES;
				CLANG_WARN_BLOCK_CAPTURE_AUTORELEASING = YES;
				CLANG_WARN_BOOL_CONVERSION = YES;
				CLANG_WARN_COMMA = YES;
				CLANG_WARN_CONSTANT_CONVERSION = YES;
				CLANG_WARN_DEPRECATED_OBJC_IMPLEMENTATIONS = YES;
				CLANG_WARN_DIRECT_OBJC_ISA_USAGE = YES_ERROR;
				CLANG_WARN_DOCUMENTATION_COMMENTS = YES;
				CLANG_WARN_EMPTY_BODY = YES;
				CLANG_WARN_ENUM_CONVERSION = YES;
				CLANG_WARN_INFINITE_RECURSION = YES;
				CLANG_WARN_INT_CONVERSION = YES;
				CLANG_WARN_NON_LITERAL_NULL_CONVERSION = YES;
				CLANG_WARN_OBJC_IMPLICIT_RETAIN_SELF = YES;
				CLANG_WARN_OBJC_LITERAL_CONVERSION = YES;
				CLANG_WARN_OBJC_ROOT_CLASS = YES_ERROR;
				CLANG_WARN_RANGE_LOOP_ANALYSIS = YES;
				CLANG_WARN_STRICT_PROTOTYPES = YES;
				CLANG_WARN_SUSPICIOUS_MOVE = YES;
				CLANG_WARN_UNGUARDED_AVAILABILITY = YES_AGGRESSIVE;
				CLANG_WARN_UNREACHABLE_CODE = YES;
				CLANG_WARN__DUPLICATE_METHOD_MATCH = YES;
				COPY_PHASE_STRIP = NO;
				DEBUG_INFORMATION_FORMAT = "dwarf-with-dsym";
				ENABLE_NS_ASSERTIONS = NO;
				ENABLE_STRICT_OBJC_MSGSEND = YES;
				GCC_C_LANGUAGE_STANDARD = gnu11;
				GCC_NO_COMMON_BLOCKS = YES;
				GCC_WARN_64_TO_32_BIT_CONVERSION = YES;
				GCC_WARN_ABOUT_RETURN_TYPE = YES_ERROR;
				GCC_WARN_UNDECLARED_SELECTOR = YES;
				GCC_WARN_UNINITIALIZED_AUTOS = YES_AGGRESSIVE;
				GCC_WARN_UNUSED_FUNCTION = YES;
				GCC_WARN_UNUSED_VARIABLE = YES;
				IPHONEOS_DEPLOYMENT_TARGET = 11.0;
				PRODUCT_NAME = "$(TARGET_NAME)";
				SDKROOT = iphoneos;
				SWIFT_COMPILATION_MODE = wholemodule;
				SWIFT_VERSION = 5.0;
				VALIDATE_PRODUCT = YES;
			};
			name = Release;
		};
		9B438D2533CD9E5BC91B0079 /* Debug */ = {
			isa = XCBuildConfiguration;
			buildSettings = {
				ALWAYS_SEARCH_USER_PATHS = NO;
				CLANG_ANALYZER_NONNULL = YES;
				CLANG_ANALYZER_NUMBER_OBJECT_CONVERSION = YES_AGGRESSIVE;
				CLANG_CXX_LANGUAGE_STANDARD = "gnu++14";
				CLANG_CXX_LIBRARY = "libc++";
				CLANG_ENABLE_MODULES = YES;
				CLANG_ENABLE_OBJC_ARC = YES;
				CLANG_WARN_BLOCK_CAPTURE_AUTORELEASING = YES;
				CLANG_WARN_BOOL_CONVERSION = YES;
				CLANG_WARN_COMMA = YES;
				CLANG_WARN_CONSTANT_CONVERSION = YES;
				CLANG_WARN_DEPRECATED_OBJC_IMPLEMENTATIONS = YES;
				CLANG_WARN_DIRECT_OBJC_ISA_USAGE = YES_ERROR;
				CLANG_WARN_DOCUMENTATION_COMMENTS = YES;
				CLANG_WARN_EMPTY_BODY = YES;
				CLANG_WARN_ENUM_CONVERSION = YES;
				CLANG_WARN_INFINITE_RECURSION = YES;
				CLANG_WARN_INT_CONVERSION = YES;
				CLANG_WARN_NON_LITERAL_NULL_CONVERSION = YES;
				CLANG_WARN_OBJC_IMPLICIT_RETAIN_SELF = YES;
				CLANG_WARN_OBJC_LITERAL_CONVERSION = YES;
				CLANG_WARN_OBJC_ROOT_CLASS = YES_ERROR;
				CLANG_WARN_RANGE_LOOP_ANALYSIS = YES;
				CLANG_WARN_STRICT_PROTOTYPES = YES;
				CLANG_WARN_SUSPICIOUS_MOVE = YES;
				CLANG_WARN_UNGUARDED_AVAILABILITY = YES_AGGRESSIVE;
				CLANG_WARN_UNREACHABLE_CODE = YES;
				CLANG_WARN__DUPLICATE_METHOD_MATCH = YES;
				COPY_PHASE_STRIP = NO;
				DEBUG_INFORMATION_FORMAT = dwarf;
				ENABLE_STRICT_OBJC_MSGSEND = YES;
				ENABLE_TESTABILITY = YES;
				GCC_C_LANGUAGE_STANDARD = gnu11;
				GCC_DYNAMIC_NO_PIC = NO;
				GCC_NO_COMMON_BLOCKS = YES;
				GCC_OPTIMIZATION_LEVEL = 0;
				GCC_PREPROCESSOR_DEFINITIONS = (
					"$(inherited)",
					"DEBUG=1",
				);
				GCC_WARN_64_TO_32_BIT_CONVERSION = YES;
				GCC_WARN_ABOUT_RETURN_TYPE = YES_ERROR;
				GCC_WARN_UNDECLARED_SELECTOR = YES;
				GCC_WARN_UNINITIALIZED_AUTOS = YES_AGGRESSIVE;
				GCC_WARN_UNUSED_FUNCTION = YES;
				GCC_WARN_UNUSED_VARIABLE = YES;
				IPHONEOS_DEPLOYMENT_TARGET = 11.0;
				MTL_ENABLE_DEBUG_INFO = YES;
				ONLY_ACTIVE_ARCH = YES;
				PRODUCT_NAME = "$(TARGET_NAME)";
				SDKROOT = iphoneos;
				SWIFT_ACTIVE_COMPILATION_CONDITIONS = DEBUG;
				SWIFT_OPTIMIZATION_LEVEL = "-Onone";
				SWIFT_VERSION = 5.0;
			};
			name = Debug;
		};
		A2A0F30D9DA03FB2B4ED0636 /* Release */ = {
			isa = XCBuildConfiguration;
			buildSettings = {
				ASSETCATALOG_COMPILER_APPICON_NAME = AppIcon;
				CODE_SIGN_ENTITLEMENTS = RxFormsExample/RxFormsExamples.entitlements;
				CODE_SIGN_IDENTITY = "iPhone Developer";
				CODE_SIGN_STYLE = Manual;
				FRAMEWORK_SEARCH_PATHS = (
					"$(inherited)",
					"\"Carthage/Build\"",
					"\"TempCarthage\"",
				);
				INFOPLIST_FILE = RxFormsExample/Info.plist;
				LD_RUNPATH_SEARCH_PATHS = (
					"$(inherited)",
					"@executable_path/Frameworks",
				);
				OTHER_LDFLAGS = "-ObjC";
				PRODUCT_BUNDLE_IDENTIFIER = com.RxSwift.RxFormsExample;
				SDKROOT = iphoneos;
				TARGETED_DEVICE_FAMILY = "1,2";
				TEST_HOST = RxFormsTests;
			};
			name = Release;
		};
		AFDE1CB5AC329326278E1493 /* Release */ = {
			isa = XCBuildConfiguration;
			buildSettings = {
				CODE_SIGN_IDENTITY = "";
				CURRENT_PROJECT_VERSION = 1;
				DEFINES_MODULE = YES;
				DYLIB_COMPATIBILITY_VERSION = 1;
				DYLIB_CURRENT_VERSION = 1;
				DYLIB_INSTALL_NAME_BASE = "@rpath";
				FRAMEWORK_SEARCH_PATHS = (
					"$(inherited)",
					"\"Carthage/Build\"",
					"\"TempCarthage\"",
				);
				INFOPLIST_FILE = "Supporting Files/Info.plist";
				INSTALL_PATH = "$(LOCAL_LIBRARY_DIR)/Frameworks";
				LD_RUNPATH_SEARCH_PATHS = (
					"$(inherited)",
					"@executable_path/Frameworks",
				);
				SDKROOT = iphoneos;
				SKIP_INSTALL = YES;
				TARGETED_DEVICE_FAMILY = "1,2";
				VERSIONING_SYSTEM = "apple-generic";
			};
			name = Release;
		};
		BF7C4C024BDB8AE3CDB94E50 /* Debug */ = {
			isa = XCBuildConfiguration;
			buildSettings = {
				ASSETCATALOG_COMPILER_APPICON_NAME = AppIcon;
				CODE_SIGN_ENTITLEMENTS = RxFormsExample/RxFormsExamples.entitlements;
				CODE_SIGN_IDENTITY = "iPhone Developer";
				CODE_SIGN_STYLE = Manual;
				FRAMEWORK_SEARCH_PATHS = (
					"$(inherited)",
					"\"Carthage/Build\"",
					"\"TempCarthage\"",
				);
				INFOPLIST_FILE = RxFormsExample/Info.plist;
				LD_RUNPATH_SEARCH_PATHS = (
					"$(inherited)",
					"@executable_path/Frameworks",
				);
				OTHER_LDFLAGS = "-ObjC";
				PRODUCT_BUNDLE_IDENTIFIER = com.RxSwift.RxFormsExample;
				SDKROOT = iphoneos;
				TARGETED_DEVICE_FAMILY = "1,2";
				TEST_HOST = RxFormsTests;
			};
			name = Debug;
		};
		D87D7477E33A2736FEB4A70A /* Debug */ = {
			isa = XCBuildConfiguration;
			buildSettings = {
				BUNDLE_LOADER = "$(TEST_HOST)";
				FRAMEWORK_SEARCH_PATHS = (
					"$(inherited)",
					"\"Carthage/Build\"",
				);
				INFOPLIST_FILE = Tests/Info.plist;
				LD_RUNPATH_SEARCH_PATHS = (
					"$(inherited)",
					"@executable_path/Frameworks",
					"@loader_path/Frameworks",
				);
				SDKROOT = iphoneos;
				TARGETED_DEVICE_FAMILY = "1,2";
			};
			name = Debug;
		};
		F934C3C16F53E5E6A8AE36F2 /* Debug */ = {
			isa = XCBuildConfiguration;
			buildSettings = {
				CODE_SIGN_IDENTITY = "";
				CURRENT_PROJECT_VERSION = 1;
				DEFINES_MODULE = YES;
				DYLIB_COMPATIBILITY_VERSION = 1;
				DYLIB_CURRENT_VERSION = 1;
				DYLIB_INSTALL_NAME_BASE = "@rpath";
				FRAMEWORK_SEARCH_PATHS = (
					"$(inherited)",
					"\"Carthage/Build\"",
					"\"TempCarthage\"",
				);
				INFOPLIST_FILE = "Supporting Files/Info.plist";
				INSTALL_PATH = "$(LOCAL_LIBRARY_DIR)/Frameworks";
				LD_RUNPATH_SEARCH_PATHS = (
					"$(inherited)",
					"@executable_path/Frameworks",
				);
				SDKROOT = iphoneos;
				SKIP_INSTALL = YES;
				TARGETED_DEVICE_FAMILY = "1,2";
				VERSIONING_SYSTEM = "apple-generic";
			};
			name = Debug;
		};
/* End XCBuildConfiguration section */

/* Begin XCConfigurationList section */
		18E17BBD85977A9B5CA6E80C /* Build configuration list for PBXNativeTarget "RxFormsTests" */ = {
			isa = XCConfigurationList;
			buildConfigurations = (
				D87D7477E33A2736FEB4A70A /* Debug */,
				4E5A2EDE2CE15FA0B4E816F7 /* Release */,
			);
			defaultConfigurationIsVisible = 0;
			defaultConfigurationName = Debug;
		};
		57EFC355A533F2242901AD5E /* Build configuration list for PBXProject "RxForms" */ = {
			isa = XCConfigurationList;
			buildConfigurations = (
				9B438D2533CD9E5BC91B0079 /* Debug */,
				71F729B6CD29C857D6A3E96F /* Release */,
			);
			defaultConfigurationIsVisible = 0;
			defaultConfigurationName = Debug;
		};
		AA331127C513BB4D97ADD628 /* Build configuration list for PBXNativeTarget "RxForms" */ = {
			isa = XCConfigurationList;
			buildConfigurations = (
				F934C3C16F53E5E6A8AE36F2 /* Debug */,
				AFDE1CB5AC329326278E1493 /* Release */,
			);
			defaultConfigurationIsVisible = 0;
			defaultConfigurationName = Debug;
		};
		E756C4F0E52846EF1AB8A219 /* Build configuration list for PBXNativeTarget "RxFormsExample" */ = {
			isa = XCConfigurationList;
			buildConfigurations = (
				BF7C4C024BDB8AE3CDB94E50 /* Debug */,
				A2A0F30D9DA03FB2B4ED0636 /* Release */,
			);
			defaultConfigurationIsVisible = 0;
			defaultConfigurationName = Debug;
		};
/* End XCConfigurationList section */
	};
	rootObject = 4B003631B17402EE70A9E02A /* Project object */;
}
